
Microsoft Visual Studio Solution File, Format Version 12.00
# Visual Studio Version 17
VisualStudioVersion = 17.8.34330.188
MinimumVisualStudioVersion = 10.0.40219.1
Project("{FAE04EC0-301F-11D3-BF4B-00C04F79EFBC}") = "WindowsFormsApp1", "WindowsFormsApp1\WindowsFormsApp1.csproj", "{5789D235-972C-4047-ABF5-40CAA9A320F1}"
EndProject
Global
	GlobalSection(SolutionConfigurationPlatforms) = preSolution
		Debug|Any CPU = Debug|Any CPU
		Release|Any CPU = Release|Any CPU
	EndGlobalSection
	GlobalSection(ProjectConfigurationPlatforms) = postSolution
		{5789D235-972C-4047-ABF5-40CAA9A320F1}.Debug|Any CPU.ActiveCfg = Debug|Any CPU
		{5789D235-972C-4047-ABF5-40CAA9A320F1}.Debug|Any CPU.Build.0 = Debug|Any CPU
		{5789D235-972C-4047-ABF5-40CAA9A320F1}.Release|Any CPU.ActiveCfg = Release|Any CPU
		{5789D235-972C-4047-ABF5-40CAA9A320F1}.Release|Any CPU.Build.0 = Release|Any CPU
	EndGlobalSection
	GlobalSection(SolutionProperties) = preSolution
		HideSolutionNode = FALSE
	EndGlobalSection
	GlobalSection(ExtensibilityGlobals) = postSolution
		SolutionGuid = {0ED56C53-2659-4FD4-B7EF-44E8895EF404}
	EndGlobalSection
EndGlobal
